
Microsoft Visual Studio Solution File, Format Version 12.00
# Visual Studio 15
VisualStudioVersion = 15.0.28307.421
MinimumVisualStudioVersion = 10.0.40219.1
Project("{FAE04EC0-301F-11D3-BF4B-00C04F79EFBC}") = "Casus Container Vervoer", "Casus Container Vervoer\Casus Container Vervoer.csproj", "{4B9730AC-D8CA-4C97-95EC-F60120FB86B7}"
EndProject
Project("{FAE04EC0-301F-11D3-BF4B-00C04F79EFBC}") = "Unit Test Container Vervoer", "Unit Test Container Vervoer\Unit Test Container Vervoer.csproj", "{49B4B482-D988-4525-9140-11A088FD8770}"
EndProject
Global
	GlobalSection(SolutionConfigurationPlatforms) = preSolution
		Debug|Any CPU = Debug|Any CPU
		Release|Any CPU = Release|Any CPU
	EndGlobalSection
	GlobalSection(ProjectConfigurationPlatforms) = postSolution
		{4B9730AC-D8CA-4C97-95EC-F60120FB86B7}.Debug|Any CPU.ActiveCfg = Debug|Any CPU
		{4B9730AC-D8CA-4C97-95EC-F60120FB86B7}.Debug|Any CPU.Build.0 = Debug|Any CPU
		{4B9730AC-D8CA-4C97-95EC-F60120FB86B7}.Release|Any CPU.ActiveCfg = Release|Any CPU
		{4B9730AC-D8CA-4C97-95EC-F60120FB86B7}.Release|Any CPU.Build.0 = Release|Any CPU
		{49B4B482-D988-4525-9140-11A088FD8770}.Debug|Any CPU.ActiveCfg = Debug|Any CPU
		{49B4B482-D988-4525-9140-11A088FD8770}.Debug|Any CPU.Build.0 = Debug|Any CPU
		{49B4B482-D988-4525-9140-11A088FD8770}.Release|Any CPU.ActiveCfg = Release|Any CPU
		{49B4B482-D988-4525-9140-11A088FD8770}.Release|Any CPU.Build.0 = Release|Any CPU
	EndGlobalSection
	GlobalSection(SolutionProperties) = preSolution
		HideSolutionNode = FALSE
	EndGlobalSection
	GlobalSection(ExtensibilityGlobals) = postSolution
		SolutionGuid = {3A662198-9186-47AF-BE26-98DFA304335E}
	EndGlobalSection
EndGlobal
